# THIS IS AN AUTOGENERATED FILE. DO NOT EDIT THIS FILE DIRECTLY.
# yarn lockfile v1


"@ant-design/colors@^3.1.0":
  version "3.2.2"
  resolved "https://registry.npm.taobao.org/@ant-design/colors/download/@ant-design/colors-3.2.2.tgz?cache=0&sync_timestamp=1612935636044&other_urls=https%3A%2F%2Fregistry.npm.taobao.org%2F%40ant-design%2Fcolors%2Fdownload%2F%40ant-design%2Fcolors-3.2.2.tgz#5ad43d619e911f3488ebac303d606e66a8423903"
  integrity sha1-WtQ9YZ6RHzSI66wwPWBuZqhCOQM=
  dependencies:
    tinycolor2 "^1.4.1"

"@ant-design/icons-vue@^2.0.0":
  version "2.0.0"
  resolved "https://registry.nlark.com/@ant-design/icons-vue/download/@ant-design/icons-vue-2.0.0.tgz#0357f5010a404e9f34a87a4b41b2a08df691dbce"
  integrity sha1-A1f1AQpATp80qHpLQbKgjfaR284=
  dependencies:
    "@ant-design/colors" "^3.1.0"
    babel-runtime "^6.26.0"

"@ant-design/icons@^2.1.1":
  version "2.1.1"
  resolved "https://registry.npmmirror.com/@ant-design/icons/download/@ant-design/icons-2.1.1.tgz?cache=0&sync_timestamp=1632478732118&other_urls=https%3A%2F%2Fregistry.npmmirror.com%2F%40ant-design%2Ficons%2Fdownload%2F%40ant-design%2Ficons-2.1.1.tgz#7b9c08dffd4f5d41db667d9dbe5e0107d0bd9a4a"
  integrity sha1-e5wI3/1PXUHbZn2dvl4BB9C9mko=

"@babel/helper-module-imports@^7.0.0":
  version "7.16.0"
  resolved "https://registry.npmmirror.com/@babel/helper-module-imports/download/@babel/helper-module-imports-7.16.0.tgz?cache=0&sync_timestamp=1635560941965&other_urls=https%3A%2F%2Fregistry.npmmirror.com%2F%40babel%2Fhelper-module-imports%2Fdownload%2F%40babel%2Fhelper-module-imports-7.16.0.tgz#90538e60b672ecf1b448f5f4f5433d37e79a3ec3"
  integrity sha1-kFOOYLZy7PG0SPX09UM9N+eaPsM=
  dependencies:
    "@babel/types" "^7.16.0"

"@babel/helper-validator-identifier@^7.15.7":
  version "7.15.7"
  resolved "https://registry.nlark.com/@babel/helper-validator-identifier/download/@babel/helper-validator-identifier-7.15.7.tgz#220df993bfe904a4a6b02ab4f3385a5ebf6e2389"
  integrity sha1-Ig35k7/pBKSmsCq08zhaXr9uI4k=

"@babel/parser@^7.15.0":
  version "7.16.0"
  resolved "https://registry.npmmirror.com/@babel/parser/download/@babel/parser-7.16.0.tgz?cache=0&sync_timestamp=1635560664733&other_urls=https%3A%2F%2Fregistry.npmmirror.com%2F%40babel%2Fparser%2Fdownload%2F%40babel%2Fparser-7.16.0.tgz#cf147d7ada0a3655e79bf4b08ee846f00a00a295"
  integrity sha1-zxR9etoKNlXnm/SwjuhG8AoAopU=

"@babel/runtime@^7.0.0":
  version "7.16.0"
  resolved "https://registry.npmmirror.com/@babel/runtime/download/@babel/runtime-7.16.0.tgz?cache=0&sync_timestamp=1635554597219&other_urls=https%3A%2F%2Fregistry.npmmirror.com%2F%40babel%2Fruntime%2Fdownload%2F%40babel%2Fruntime-7.16.0.tgz#e27b977f2e2088ba24748bf99b5e1dece64e4f0b"
  integrity sha1-4nuXfy4giLokdIv5m14d7OZOTws=
  dependencies:
    regenerator-runtime "^0.13.4"

"@babel/types@^7.16.0":
  version "7.16.0"
  resolved "https://registry.npmmirror.com/@babel/types/download/@babel/types-7.16.0.tgz?cache=0&sync_timestamp=1635560939610&other_urls=https%3A%2F%2Fregistry.npmmirror.com%2F%40babel%2Ftypes%2Fdownload%2F%40babel%2Ftypes-7.16.0.tgz#db3b313804f96aadd0b776c4823e127ad67289ba"
  integrity sha1-2zsxOAT5aq3Qt3bEgj4SetZyibo=
  dependencies:
    "@babel/helper-validator-identifier" "^7.15.7"
    to-fast-properties "^2.0.0"

"@element-plus/icons@^0.0.11":
  version "0.0.11"
  resolved "https://registry.nlark.com/@element-plus/icons/download/@element-plus/icons-0.0.11.tgz#9b187c002774548b911850d17fa5fc2f9a515f57"
  integrity sha1-mxh8ACd0VIuRGFDRf6X8L5pRX1c=

"@popperjs/core@^2.10.2":
  version "2.10.2"
  resolved "https://registry.npmmirror.com/@popperjs/core/download/@popperjs/core-2.10.2.tgz#0798c03351f0dea1a5a4cabddf26a55a7cbee590"
  integrity sha1-B5jAM1Hw3qGlpMq93yalWny+5ZA=

"@simonwep/pickr@~1.7.0":
  version "1.7.4"
  resolved "https://registry.nlark.com/@simonwep/pickr/download/@simonwep/pickr-1.7.4.tgz?cache=0&sync_timestamp=1631637056668&other_urls=https%3A%2F%2Fregistry.nlark.com%2F%40simonwep%2Fpickr%2Fdownload%2F%40simonwep%2Fpickr-1.7.4.tgz#b14fcd945890388b870cd6db4d6c78d531f25141"
  integrity sha1-sU/NlFiQOIuHDNbbTWx41THyUUE=
  dependencies:
    core-js "^3.6.5"
    nanopop "^2.1.0"

"@vitejs/plugin-vue@^1.6.0":
  version "1.9.4"
  resolved "https://registry.npmmirror.com/@vitejs/plugin-vue/download/@vitejs/plugin-vue-1.9.4.tgz#4f48485432cbb986a9fb9d254dc33ce30ddccbfa"
  integrity sha1-T0hIVDLLuYap+50lTcM84w3cy/o=

"@vue/compiler-core@3.2.20":
  version "3.2.20"
  resolved "https://registry.npmmirror.com/@vue/compiler-core/download/@vue/compiler-core-3.2.20.tgz?cache=0&sync_timestamp=1633712761777&other_urls=https%3A%2F%2Fregistry.npmmirror.com%2F%40vue%2Fcompiler-core%2Fdownload%2F%40vue%2Fcompiler-core-3.2.20.tgz#af5a3c5237818835b0d0be837eb5885a8d21c160"
  integrity sha1-r1o8UjeBiDWw0L6DfrWIWo0hwWA=
  dependencies:
    "@babel/parser" "^7.15.0"
    "@vue/shared" "3.2.20"
    estree-walker "^2.0.2"
    source-map "^0.6.1"

"@vue/compiler-dom@3.2.20":
  version "3.2.20"
  resolved "https://registry.npmmirror.com/@vue/compiler-dom/download/@vue/compiler-dom-3.2.20.tgz?cache=0&sync_timestamp=1633712762936&other_urls=https%3A%2F%2Fregistry.npmmirror.com%2F%40vue%2Fcompiler-dom%2Fdownload%2F%40vue%2Fcompiler-dom-3.2.20.tgz#8e0ef354449c0faf41519b00bfc2045eae01dcb5"
  integrity sha1-jg7zVEScD69BUZsAv8IEXq4B3LU=
  dependencies:
    "@vue/compiler-core" "3.2.20"
    "@vue/shared" "3.2.20"

"@vue/compiler-sfc@3.2.20", "@vue/compiler-sfc@^3.2.6":
  version "3.2.20"
  resolved "https://registry.npmmirror.com/@vue/compiler-sfc/download/@vue/compiler-sfc-3.2.20.tgz?cache=0&sync_timestamp=1633712762379&other_urls=https%3A%2F%2Fregistry.npmmirror.com%2F%40vue%2Fcompiler-sfc%2Fdownload%2F%40vue%2Fcompiler-sfc-3.2.20.tgz#2d7668e76f066c566dd7c09c15c9acce4e876e0a"
  integrity sha1-LXZo528GbFZt18CcFcmszk6Hbgo=
  dependencies:
    "@babel/parser" "^7.15.0"
    "@vue/compiler-core" "3.2.20"
    "@vue/compiler-dom" "3.2.20"
    "@vue/compiler-ssr" "3.2.20"
    "@vue/ref-transform" "3.2.20"
    "@vue/shared" "3.2.20"
    estree-walker "^2.0.2"
    magic-string "^0.25.7"
    postcss "^8.1.10"
    source-map "^0.6.1"

"@vue/compiler-ssr@3.2.20":
  version "3.2.20"
  resolved "https://registry.npmmirror.com/@vue/compiler-ssr/download/@vue/compiler-ssr-3.2.20.tgz?cache=0&sync_timestamp=1633712764229&other_urls=https%3A%2F%2Fregistry.npmmirror.com%2F%40vue%2Fcompiler-ssr%2Fdownload%2F%40vue%2Fcompiler-ssr-3.2.20.tgz#9cceb6261d9932cb5568202610c1c28f86c5e521"
  integrity sha1-nM62Jh2ZMstVaCAmEMHCj4bF5SE=
  dependencies:
    "@vue/compiler-dom" "3.2.20"
    "@vue/shared" "3.2.20"

"@vue/devtools-api@^6.0.0-beta.11", "@vue/devtools-api@^6.0.0-beta.18":
  version "6.0.0-beta.19"
  resolved "https://registry.npmmirror.com/@vue/devtools-api/download/@vue/devtools-api-6.0.0-beta.19.tgz#f8e88059daa424515992426a0c7ea5cde07e99bf"
  integrity sha1-+OiAWdqkJFFZkkJqDH6lzeB+mb8=

"@vue/reactivity@3.2.20":
  version "3.2.20"
  resolved "https://registry.npmmirror.com/@vue/reactivity/download/@vue/reactivity-3.2.20.tgz?cache=0&sync_timestamp=1633712763526&other_urls=https%3A%2F%2Fregistry.npmmirror.com%2F%40vue%2Freactivity%2Fdownload%2F%40vue%2Freactivity-3.2.20.tgz#81fe1c368e7f20bc0ec1dec1045bbee253582de8"
  integrity sha1-gf4cNo5/ILwOwd7BBFu+4lNYLeg=
  dependencies:
    "@vue/shared" "3.2.20"

"@vue/ref-transform@3.2.20":
  version "3.2.20"
  resolved "https://registry.npmmirror.com/@vue/ref-transform/download/@vue/ref-transform-3.2.20.tgz?cache=0&sync_timestamp=1633712763825&other_urls=https%3A%2F%2Fregistry.npmmirror.com%2F%40vue%2Fref-transform%2Fdownload%2F%40vue%2Fref-transform-3.2.20.tgz#2a59ec90caf8e5c7336776a0900bff0a8b81c090"
  integrity sha1-KlnskMr45cczZ3agkAv/CouBwJA=
  dependencies:
    "@babel/parser" "^7.15.0"
    "@vue/compiler-core" "3.2.20"
    "@vue/shared" "3.2.20"
    estree-walker "^2.0.2"
    magic-string "^0.25.7"

"@vue/runtime-core@3.2.20":
  version "3.2.20"
  resolved "https://registry.npmmirror.com/@vue/runtime-core/download/@vue/runtime-core-3.2.20.tgz?cache=0&sync_timestamp=1633712764609&other_urls=https%3A%2F%2Fregistry.npmmirror.com%2F%40vue%2Fruntime-core%2Fdownload%2F%40vue%2Fruntime-core-3.2.20.tgz#8f63e956a3f88fb772541443c45a7701211012cb"
  integrity sha1-j2PpVqP4j7dyVBRDxFp3ASEQEss=
  dependencies:
    "@vue/reactivity" "3.2.20"
    "@vue/shared" "3.2.20"

"@vue/runtime-dom@3.2.20":
  version "3.2.20"
  resolved "https://registry.npmmirror.com/@vue/runtime-dom/download/@vue/runtime-dom-3.2.20.tgz?cache=0&sync_timestamp=1633712766458&other_urls=https%3A%2F%2Fregistry.npmmirror.com%2F%40vue%2Fruntime-dom%2Fdownload%2F%40vue%2Fruntime-dom-3.2.20.tgz#8aa56ae6c30f9cd4a71ca0e9ec3c4bdc67148d15"
  integrity sha1-iqVq5sMPnNSnHKDp7DxL3GcUjRU=
  dependencies:
    "@vue/runtime-core" "3.2.20"
    "@vue/shared" "3.2.20"
    csstype "^2.6.8"

"@vue/server-renderer@3.2.20":
  version "3.2.20"
  resolved "https://registry.npmmirror.com/@vue/server-renderer/download/@vue/server-renderer-3.2.20.tgz?cache=0&sync_timestamp=1633712766117&other_urls=https%3A%2F%2Fregistry.npmmirror.com%2F%40vue%2Fserver-renderer%2Fdownload%2F%40vue%2Fserver-renderer-3.2.20.tgz#705e07ae9425132b2b6227d308a51a13f4d4ec81"
  integrity sha1-cF4HrpQlEysrYifTCKUaE/TU7IE=
  dependencies:
    "@vue/compiler-ssr" "3.2.20"
    "@vue/shared" "3.2.20"

"@vue/shared@3.2.20":
  version "3.2.20"
  resolved "https://registry.npmmirror.com/@vue/shared/download/@vue/shared-3.2.20.tgz?cache=0&sync_timestamp=1633712765807&other_urls=https%3A%2F%2Fregistry.npmmirror.com%2F%40vue%2Fshared%2Fdownload%2F%40vue%2Fshared-3.2.20.tgz#53746961f731a8ea666e3316271e944238dc31db"
  integrity sha1-U3RpYfcxqOpmbjMWJx6UQjjcMds=

"@vueuse/core@~6.1.0":
  version "6.1.0"
  resolved "https://registry.npmmirror.com/@vueuse/core/download/@vueuse/core-6.1.0.tgz?cache=0&sync_timestamp=1635386334875&other_urls=https%3A%2F%2Fregistry.npmmirror.com%2F%40vueuse%2Fcore%2Fdownload%2F%40vueuse%2Fcore-6.1.0.tgz#8137c291cf49b11c2deda4d5079096e55b36fc28"
  integrity sha1-gTfCkc9JsRwt7aTVB5CW5Vs2/Cg=
  dependencies:
    "@vueuse/shared" "6.1.0"
    vue-demi "*"

"@vueuse/shared@6.1.0":
  version "6.1.0"
  resolved "https://registry.npmmirror.com/@vueuse/shared/download/@vueuse/shared-6.1.0.tgz?cache=0&sync_timestamp=1635386663669&other_urls=https%3A%2F%2Fregistry.npmmirror.com%2F%40vueuse%2Fshared%2Fdownload%2F%40vueuse%2Fshared-6.1.0.tgz#1375fd41acefe52f9a1842f3c6a8a348786535ba"
  integrity sha1-E3X9Qazv5S+aGELzxqijSHhlNbo=
  dependencies:
    vue-demi "*"

add-dom-event-listener@^1.0.2:
  version "1.1.0"
  resolved "https://registry.npm.taobao.org/add-dom-event-listener/download/add-dom-event-listener-1.1.0.tgz#6a92db3a0dd0abc254e095c0f1dc14acbbaae310"
  integrity sha1-apLbOg3Qq8JU4JXA8dwUrLuq4xA=
  dependencies:
    object-assign "4.x"

ant-design-vue@^1.7.8:
  version "1.7.8"
  resolved "https://registry.npmmirror.com/ant-design-vue/download/ant-design-vue-1.7.8.tgz?cache=0&sync_timestamp=1635645359192&other_urls=https%3A%2F%2Fregistry.npmmirror.com%2Fant-design-vue%2Fdownload%2Fant-design-vue-1.7.8.tgz#1abbf86b68a4f5b1000bea0487b8031dc0001661"
  integrity sha1-Grv4a2ik9bEAC+oEh7gDHcAAFmE=
  dependencies:
    "@ant-design/icons" "^2.1.1"
    "@ant-design/icons-vue" "^2.0.0"
    "@simonwep/pickr" "~1.7.0"
    add-dom-event-listener "^1.0.2"
    array-tree-filter "^2.1.0"
    async-validator "^3.0.3"
    babel-helper-vue-jsx-merge-props "^2.0.3"
    babel-runtime "6.x"
    classnames "^2.2.5"
    component-classes "^1.2.6"
    dom-align "^1.10.4"
    dom-closest "^0.2.0"
    dom-scroll-into-view "^2.0.0"
    enquire.js "^2.1.6"
    intersperse "^1.0.0"
    is-mobile "^2.2.1"
    is-negative-zero "^2.0.0"
    ismobilejs "^1.0.0"
    json2mq "^0.2.0"
    lodash "^4.17.5"
    moment "^2.21.0"
    mutationobserver-shim "^0.3.2"
    node-emoji "^1.10.0"
    omit.js "^1.0.0"
    raf "^3.4.0"
    resize-observer-polyfill "^1.5.1"
    shallow-equal "^1.0.0"
    shallowequal "^1.0.2"
    vue-ref "^2.0.0"
    warning "^4.0.0"

anymatch@~3.1.2:
  version "3.1.2"
  resolved "https://registry.npm.taobao.org/anymatch/download/anymatch-3.1.2.tgz?cache=0&sync_timestamp=1617747502795&other_urls=https%3A%2F%2Fregistry.npm.taobao.org%2Fanymatch%2Fdownload%2Fanymatch-3.1.2.tgz#c0557c096af32f106198f4f4e2a383537e378716"
  integrity sha1-wFV8CWrzLxBhmPT04qODU343hxY=
  dependencies:
    normalize-path "^3.0.0"
    picomatch "^2.0.4"

array-tree-filter@^2.1.0:
  version "2.1.0"
  resolved "https://registry.npm.taobao.org/array-tree-filter/download/array-tree-filter-2.1.0.tgz#873ac00fec83749f255ac8dd083814b4f6329190"
  integrity sha1-hzrAD+yDdJ8lWsjdCDgUtPYykZA=

async-validator@^3.0.3:
  version "3.5.2"
  resolved "https://registry.npmmirror.com/async-validator/download/async-validator-3.5.2.tgz?cache=0&sync_timestamp=1634529532378&other_urls=https%3A%2F%2Fregistry.npmmirror.com%2Fasync-validator%2Fdownload%2Fasync-validator-3.5.2.tgz#68e866a96824e8b2694ff7a831c1a25c44d5e500"
  integrity sha1-aOhmqWgk6LJpT/eoMcGiXETV5QA=

async-validator@^4.0.3:
  version "4.0.7"
  resolved "https://registry.npmmirror.com/async-validator/download/async-validator-4.0.7.tgz?cache=0&sync_timestamp=1634529532378&other_urls=https%3A%2F%2Fregistry.npmmirror.com%2Fasync-validator%2Fdownload%2Fasync-validator-4.0.7.tgz#034a0fd2103a6b2ebf010da75183bec299247afe"
  integrity sha1-A0oP0hA6ay6/AQ2nUYO+wpkkev4=

axios@^0.24.0:
  version "0.24.0"
  resolved "https://registry.npmmirror.com/axios/download/axios-0.24.0.tgz#804e6fa1e4b9c5288501dd9dff56a7a0940d20d6"
  integrity sha1-gE5voeS5xSiFAd2d/1anoJQNINY=
  dependencies:
    follow-redirects "^1.14.4"

babel-helper-vue-jsx-merge-props@^2.0.3:
  version "2.0.3"
  resolved "https://registry.npm.taobao.org/babel-helper-vue-jsx-merge-props/download/babel-helper-vue-jsx-merge-props-2.0.3.tgz#22aebd3b33902328e513293a8e4992b384f9f1b6"
  integrity sha1-Iq69OzOQIyjlEyk6jkmSs4T58bY=

babel-plugin-import@^1.13.3:
  version "1.13.3"
  resolved "https://registry.npm.taobao.org/babel-plugin-import/download/babel-plugin-import-1.13.3.tgz?cache=0&sync_timestamp=1606209920171&other_urls=https%3A%2F%2Fregistry.npm.taobao.org%2Fbabel-plugin-import%2Fdownload%2Fbabel-plugin-import-1.13.3.tgz#9dbbba7d1ac72bd412917a830d445e00941d26d7"
  integrity sha1-nbu6fRrHK9QSkXqDDUReAJQdJtc=
  dependencies:
    "@babel/helper-module-imports" "^7.0.0"
    "@babel/runtime" "^7.0.0"

babel-runtime@6.x, babel-runtime@^6.23.0, babel-runtime@^6.26.0:
  version "6.26.0"
  resolved "https://registry.npm.taobao.org/babel-runtime/download/babel-runtime-6.26.0.tgz#965c7058668e82b55d7bfe04ff2337bc8b5647fe"
  integrity sha1-llxwWGaOgrVde/4E/yM3vItWR/4=
  dependencies:
    core-js "^2.4.0"
    regenerator-runtime "^0.11.0"

binary-extensions@^2.0.0:
  version "2.2.0"
  resolved "https://registry.nlark.com/binary-extensions/download/binary-extensions-2.2.0.tgz#75f502eeaf9ffde42fc98829645be4ea76bd9e2d"
  integrity sha1-dfUC7q+f/eQvyYgpZFvk6na9ni0=

braces@~3.0.2:
  version "3.0.2"
  resolved "https://registry.npm.taobao.org/braces/download/braces-3.0.2.tgz#3454e1a462ee8d599e236df336cd9ea4f8afe107"
  integrity sha1-NFThpGLujVmeI23zNs2epPiv4Qc=
  dependencies:
    fill-range "^7.0.1"

"chokidar@>=3.0.0 <4.0.0":
  version "3.5.2"
  resolved "https://registry.nlark.com/chokidar/download/chokidar-3.5.2.tgz#dba3976fcadb016f66fd365021d91600d01c1e75"
  integrity sha1-26OXb8rbAW9m/TZQIdkWANAcHnU=
  dependencies:
    anymatch "~3.1.2"
    braces "~3.0.2"
    glob-parent "~5.1.2"
    is-binary-path "~2.1.0"
    is-glob "~4.0.1"
    normalize-path "~3.0.0"
    readdirp "~3.6.0"
  optionalDependencies:
    fsevents "~2.3.2"

classnames@^2.2.5:
  version "2.3.1"
  resolved "https://registry.npm.taobao.org/classnames/download/classnames-2.3.1.tgz#dfcfa3891e306ec1dad105d0e88f4417b8535e8e"
  integrity sha1-38+jiR4wbsHa0QXQ6I9EF7hTXo4=

component-classes@^1.2.6:
  version "1.2.6"
  resolved "https://registry.npm.taobao.org/component-classes/download/component-classes-1.2.6.tgz#c642394c3618a4d8b0b8919efccbbd930e5cd691"
  integrity sha1-xkI5TDYYpNiwuJGe/Mu9kw5c1pE=
  dependencies:
    component-indexof "0.0.3"

component-indexof@0.0.3:
  version "0.0.3"
  resolved "https://registry.npm.taobao.org/component-indexof/download/component-indexof-0.0.3.tgz#11d091312239eb8f32c8f25ae9cb002ffe8d3c24"
  integrity sha1-EdCRMSI5648yyPJa6csAL/6NPCQ=

core-js@^2.4.0:
  version "2.6.12"
  resolved "https://registry.npmmirror.com/core-js/download/core-js-2.6.12.tgz?cache=0&sync_timestamp=1635142915013&other_urls=https%3A%2F%2Fregistry.npmmirror.com%2Fcore-js%2Fdownload%2Fcore-js-2.6.12.tgz#d9333dfa7b065e347cc5682219d6f690859cc2ec"
  integrity sha1-2TM9+nsGXjR8xWgiGdb2kIWcwuw=

core-js@^3.6.5:
  version "3.19.0"
  resolved "https://registry.npmmirror.com/core-js/download/core-js-3.19.0.tgz?cache=0&sync_timestamp=1635142915013&other_urls=https%3A%2F%2Fregistry.npmmirror.com%2Fcore-js%2Fdownload%2Fcore-js-3.19.0.tgz#9e40098a9bc326c7e81b486abbd5e12b9d275176"
  integrity sha1-nkAJipvDJsfoG0hqu9XhK50nUXY=

csstype@^2.6.8:
  version "2.6.18"
  resolved "https://registry.nlark.com/csstype/download/csstype-2.6.18.tgz?cache=0&sync_timestamp=1631540782346&other_urls=https%3A%2F%2Fregistry.nlark.com%2Fcsstype%2Fdownload%2Fcsstype-2.6.18.tgz#980a8b53085f34af313410af064f2bd241784218"
  integrity sha1-mAqLUwhfNK8xNBCvBk8r0kF4Qhg=

dayjs@^1.10.7:
  version "1.10.7"
  resolved "https://registry.nlark.com/dayjs/download/dayjs-1.10.7.tgz#2cf5f91add28116748440866a0a1d26f3a6ce468"
  integrity sha1-LPX5Gt0oEWdIRAhmoKHSbzps5Gg=

dom-align@^1.10.4:
  version "1.12.2"
  resolved "https://registry.nlark.com/dom-align/download/dom-align-1.12.2.tgz?cache=0&sync_timestamp=1621853133882&other_urls=https%3A%2F%2Fregistry.nlark.com%2Fdom-align%2Fdownload%2Fdom-align-1.12.2.tgz#0f8164ebd0c9c21b0c790310493cd855892acd4b"
  integrity sha1-D4Fk69DJwhsMeQMQSTzYVYkqzUs=

dom-closest@^0.2.0:
  version "0.2.0"
  resolved "https://registry.npm.taobao.org/dom-closest/download/dom-closest-0.2.0.tgz#ebd9f91d1bf22e8d6f477876bbcd3ec90216c0cf"
  integrity sha1-69n5HRvyLo1vR3h2u80+yQIWwM8=
  dependencies:
    dom-matches ">=1.0.1"

dom-matches@>=1.0.1:
  version "2.0.0"
  resolved "https://registry.npm.taobao.org/dom-matches/download/dom-matches-2.0.0.tgz#d2728b416a87533980eb089b848d253cf23a758c"
  integrity sha1-0nKLQWqHUzmA6wibhI0lPPI6dYw=

dom-scroll-into-view@^2.0.0:
  version "2.0.1"
  resolved "https://registry.npm.taobao.org/dom-scroll-into-view/download/dom-scroll-into-view-2.0.1.tgz#0decc8522801fd8d3f1c6ba355a74d382c5f989b"
  integrity sha1-DezIUigB/Y0/HGujVadNOCxfmJs=

element-plus@^1.1.0-beta.24:
  version "1.1.0-beta.24"
  resolved "https://registry.npmmirror.com/element-plus/download/element-plus-1.1.0-beta.24.tgz?cache=0&sync_timestamp=1634700157489&other_urls=https%3A%2F%2Fregistry.npmmirror.com%2Felement-plus%2Fdownload%2Felement-plus-1.1.0-beta.24.tgz#858b05932ebc0be15419d3974d15be2a4f4b696c"
  integrity sha1-hYsFky68C+FUGdOXTRW+Kk9LaWw=
  dependencies:
    "@element-plus/icons" "^0.0.11"
    "@popperjs/core" "^2.10.2"
    "@vueuse/core" "~6.1.0"
    async-validator "^4.0.3"
    dayjs "^1.10.7"
    lodash "^4.17.21"
    memoize-one "^5.2.1"
    normalize-wheel-es "^1.1.0"
    resize-observer-polyfill "^1.5.1"

enquire.js@^2.1.6:
  version "2.1.6"
  resolved "https://registry.npm.taobao.org/enquire.js/download/enquire.js-2.1.6.tgz#3e8780c9b8b835084c3f60e166dbc3c2a3c89814"
  integrity sha1-PoeAybi4NQhMP2DhZtvDwqPImBQ=

esbuild-android-arm64@0.13.10:
  version "0.13.10"
  resolved "https://registry.npmmirror.com/esbuild-android-arm64/download/esbuild-android-arm64-0.13.10.tgz#3545c71bf01e8b36535681078cdb0191c8654452"
  integrity sha1-NUXHG/AeizZTVoEHjNsBkchlRFI=

esbuild-darwin-64@0.13.10:
  version "0.13.10"
  resolved "https://registry.npmmirror.com/esbuild-darwin-64/download/esbuild-darwin-64-0.13.10.tgz#143e34d7f5d3860cc681c64c860f531e60496b5b"
  integrity sha1-FD401/XThgzGgcZMhg9THmBJa1s=

esbuild-darwin-arm64@0.13.10:
  version "0.13.10"
  resolved "https://registry.npmmirror.com/esbuild-darwin-arm64/download/esbuild-darwin-arm64-0.13.10.tgz#456a044b789d5d256af8d264314da5217ca9fcd1"
  integrity sha1-RWoES3idXSVq+NJkMU2lIXyp/NE=

esbuild-freebsd-64@0.13.10:
  version "0.13.10"
  resolved "https://registry.npmmirror.com/esbuild-freebsd-64/download/esbuild-freebsd-64-0.13.10.tgz#dcd829a4a95226716faae8a2f378f08688f921b6"
  integrity sha1-3NgppKlSJnFvquii83jwhoj5IbY=

esbuild-freebsd-arm64@0.13.10:
  version "0.13.10"
  resolved "https://registry.npmmirror.com/esbuild-freebsd-arm64/download/esbuild-freebsd-arm64-0.13.10.tgz#116c254b3eb1b9d1dd6f12e0271967de4512ca09"
  integrity sha1-EWwlSz6xudHdbxLgJxln3kUSygk=

esbuild-linux-32@0.13.10:
  version "0.13.10"
  resolved "https://registry.npmmirror.com/esbuild-linux-32/download/esbuild-linux-32-0.13.10.tgz#131971622c38e5aa014303a494a1b5c3cc90f2be"
  integrity sha1-ExlxYiw45aoBQwOklKG1w8yQ8r4=

esbuild-linux-64@0.13.10:
  version "0.13.10"
  resolved "https://registry.npmmirror.com/esbuild-linux-64/download/esbuild-linux-64-0.13.10.tgz#48826c388abd5dde3fc098a8ef38d8b548674f93"
  integrity sha1-SIJsOIq9Xd4/wJio7zjYtUhnT5M=

esbuild-linux-arm64@0.13.10:
  version "0.13.10"
  resolved "https://registry.npmmirror.com/esbuild-linux-arm64/download/esbuild-linux-arm64-0.13.10.tgz#0be9ffc92e30641869c7fbca0ec5d30fa8cbddd6"
  integrity sha1-C+n/yS4wZBhpx/vKDsXTD6jL3dY=

esbuild-linux-arm@0.13.10:
  version "0.13.10"
  resolved "https://registry.npmmirror.com/esbuild-linux-arm/download/esbuild-linux-arm-0.13.10.tgz#8c15bcaa41a022c834f049a71a7d1fbade507532"
  integrity sha1-jBW8qkGgIsg08EmnGn0fut5QdTI=

esbuild-linux-mips64le@0.13.10:
  version "0.13.10"
  resolved "https://registry.npmmirror.com/esbuild-linux-mips64le/download/esbuild-linux-mips64le-0.13.10.tgz#5bb33a2bc82e9c78ed724f345a8359610ddc9695"
  integrity sha1-W7M6K8gunHjtck80WoNZYQ3clpU=

esbuild-linux-ppc64le@0.13.10:
  version "0.13.10"
  resolved "https://registry.npmmirror.com/esbuild-linux-ppc64le/download/esbuild-linux-ppc64le-0.13.10.tgz#18703cd0d52447d97486735b8e79fba7d81eac65"
  integrity sha1-GHA80NUkR9l0hnNbjnn7p9gerGU=

esbuild-netbsd-64@0.13.10:
  version "0.13.10"
  resolved "https://registry.npmmirror.com/esbuild-netbsd-64/download/esbuild-netbsd-64-0.13.10.tgz#3ecb06158aadb5b7396a5b7632069181b1591c56"
  integrity sha1-PssGFYqttbc5alt2MgaRgbFZHFY=

esbuild-openbsd-64@0.13.10:
  version "0.13.10"
  resolved "https://registry.npmmirror.com/esbuild-openbsd-64/download/esbuild-openbsd-64-0.13.10.tgz#3a6950b1d955de921ac52f7af0b4865e89d6e4f1"
  integrity sha1-OmlQsdlV3pIaxS968LSGXonW5PE=

esbuild-sunos-64@0.13.10:
  version "0.13.10"
  resolved "https://registry.npmmirror.com/esbuild-sunos-64/download/esbuild-sunos-64-0.13.10.tgz#ad407f721a8b5727fca31958b5eab1b0232e2d73"
  integrity sha1-rUB/chqLVyf8oxlYteqxsCMuLXM=

esbuild-windows-32@0.13.10:
  version "0.13.10"
  resolved "https://registry.npmmirror.com/esbuild-windows-32/download/esbuild-windows-32-0.13.10.tgz#ddaaa0b6e172df6512edc7a91bd2456615cfa914"
  integrity sha1-3aqgtuFy32US7cepG9JFZhXPqRQ=

esbuild-windows-64@0.13.10:
  version "0.13.10"
  resolved "https://registry.npmmirror.com/esbuild-windows-64/download/esbuild-windows-64-0.13.10.tgz#93d861abf36bf71b6e61f5cbd2e42762ce5cb83a"
  integrity sha1-k9hhq/Nr9xtuYfXL0uQnYs5cuDo=

esbuild-windows-arm64@0.13.10:
  version "0.13.10"
  resolved "https://registry.npmmirror.com/esbuild-windows-arm64/download/esbuild-windows-arm64-0.13.10.tgz#85a2d338aaa8b0cd1d8ecbe9150def9a608e8947"
  integrity sha1-haLTOKqosM0djsvpFQ3vmmCOiUc=

esbuild@^0.13.2:
  version "0.13.10"
  resolved "https://registry.npmmirror.com/esbuild/download/esbuild-0.13.10.tgz#e3d24d59f1d8b2130d746ca858efcb80e1d99b26"
  integrity sha1-49JNWfHYshMNdGyoWO/LgOHZmyY=
  optionalDependencies:
    esbuild-android-arm64 "0.13.10"
    esbuild-darwin-64 "0.13.10"
    esbuild-darwin-arm64 "0.13.10"
    esbuild-freebsd-64 "0.13.10"
    esbuild-freebsd-arm64 "0.13.10"
    esbuild-linux-32 "0.13.10"
    esbuild-linux-64 "0.13.10"
    esbuild-linux-arm "0.13.10"
    esbuild-linux-arm64 "0.13.10"
    esbuild-linux-mips64le "0.13.10"
    esbuild-linux-ppc64le "0.13.10"
    esbuild-netbsd-64 "0.13.10"
    esbuild-openbsd-64 "0.13.10"
    esbuild-sunos-64 "0.13.10"
    esbuild-windows-32 "0.13.10"
    esbuild-windows-64 "0.13.10"
    esbuild-windows-arm64 "0.13.10"

estree-walker@^2.0.2:
  version "2.0.2"
  resolved "https://registry.npm.taobao.org/estree-walker/download/estree-walker-2.0.2.tgz#52f010178c2a4c117a7757cfe942adb7d2da4cac"
  integrity sha1-UvAQF4wqTBF6d1fP6UKtt9LaTKw=

fill-range@^7.0.1:
  version "7.0.1"
  resolved "https://registry.npm.taobao.org/fill-range/download/fill-range-7.0.1.tgz#1919a6a7c75fe38b2c7c77e5198535da9acdda40"
  integrity sha1-GRmmp8df44ssfHflGYU12prN2kA=
  dependencies:
    to-regex-range "^5.0.1"

follow-redirects@^1.14.4:
  version "1.14.4"
  resolved "https://registry.nlark.com/follow-redirects/download/follow-redirects-1.14.4.tgz?cache=0&sync_timestamp=1631622206750&other_urls=https%3A%2F%2Fregistry.nlark.com%2Ffollow-redirects%2Fdownload%2Ffollow-redirects-1.14.4.tgz#838fdf48a8bbdd79e52ee51fb1c94e3ed98b9379"
  integrity sha1-g4/fSKi73XnlLuUfsclOPtmLk3k=

fsevents@~2.3.2:
  version "2.3.2"
  resolved "https://registry.npm.taobao.org/fsevents/download/fsevents-2.3.2.tgz#8a526f78b8fdf4623b709e0b975c52c24c02fd1a"
  integrity sha1-ilJveLj99GI7cJ4Ll1xSwkwC/Ro=

function-bind@^1.1.1:
  version "1.1.1"
  resolved "https://registry.npm.taobao.org/function-bind/download/function-bind-1.1.1.tgz#a56899d3ea3c9bab874bb9773b7c5ede92f4895d"
  integrity sha1-pWiZ0+o8m6uHS7l3O3xe3pL0iV0=

glob-parent@~5.1.2:
  version "5.1.2"
  resolved "https://registry.npmmirror.com/glob-parent/download/glob-parent-5.1.2.tgz?cache=0&sync_timestamp=1632953810778&other_urls=https%3A%2F%2Fregistry.npmmirror.com%2Fglob-parent%2Fdownload%2Fglob-parent-5.1.2.tgz#869832c58034fe68a4093c17dc15e8340d8401c4"
  integrity sha1-hpgyxYA0/mikCTwX3BXoNA2EAcQ=
  dependencies:
    is-glob "^4.0.1"

has@^1.0.3:
  version "1.0.3"
  resolved "https://registry.npm.taobao.org/has/download/has-1.0.3.tgz#722d7cbfc1f6aa8241f16dd814e011e1f41e8796"
  integrity sha1-ci18v8H2qoJB8W3YFOAR4fQeh5Y=
  dependencies:
    function-bind "^1.1.1"

intersperse@^1.0.0:
  version "1.0.0"
  resolved "https://registry.npm.taobao.org/intersperse/download/intersperse-1.0.0.tgz#f2561fb1cfef9f5277cc3347a22886b4351a5181"
  integrity sha1-8lYfsc/vn1J3zDNHoiiGtDUaUYE=

is-binary-path@~2.1.0:
  version "2.1.0"
  resolved "https://registry.npm.taobao.org/is-binary-path/download/is-binary-path-2.1.0.tgz#ea1f7f3b80f064236e83470f86c09c254fb45b09"
  integrity sha1-6h9/O4DwZCNug0cPhsCcJU+0Wwk=
  dependencies:
    binary-extensions "^2.0.0"

is-core-module@^2.2.0:
  version "2.8.0"
  resolved "https://registry.npmmirror.com/is-core-module/download/is-core-module-2.8.0.tgz?cache=0&sync_timestamp=1634237061095&other_urls=https%3A%2F%2Fregistry.npmmirror.com%2Fis-core-module%2Fdownload%2Fis-core-module-2.8.0.tgz#0321336c3d0925e497fd97f5d95cb114a5ccd548"
  integrity sha1-AyEzbD0JJeSX/Zf12VyxFKXM1Ug=
  dependencies:
    has "^1.0.3"

is-extglob@^2.1.1:
  version "2.1.1"
  resolved "https://registry.nlark.com/is-extglob/download/is-extglob-2.1.1.tgz#a88c02535791f02ed37c76a1b9ea9773c833f8c2"
  integrity sha1-qIwCU1eR8C7TfHahueqXc8gz+MI=

is-glob@^4.0.1, is-glob@~4.0.1:
  version "4.0.3"
  resolved "https://registry.npmmirror.com/is-glob/download/is-glob-4.0.3.tgz#64f61e42cbbb2eec2071a9dac0b28ba1e65d5084"
  integrity sha1-ZPYeQsu7LuwgcanawLKLoeZdUIQ=
  dependencies:
    is-extglob "^2.1.1"

is-mobile@^2.2.1:
  version "2.2.2"
  resolved "https://registry.npm.taobao.org/is-mobile/download/is-mobile-2.2.2.tgz#f6c9c5d50ee01254ce05e739bdd835f1ed4e9954"
  integrity sha1-9snF1Q7gElTOBec5vdg18e1OmVQ=

is-negative-zero@^2.0.0:
  version "2.0.1"
  resolved "https://registry.npm.taobao.org/is-negative-zero/download/is-negative-zero-2.0.1.tgz?cache=0&sync_timestamp=1607123314998&other_urls=https%3A%2F%2Fregistry.npm.taobao.org%2Fis-negative-zero%2Fdownload%2Fis-negative-zero-2.0.1.tgz#3de746c18dda2319241a53675908d8f766f11c24"
  integrity sha1-PedGwY3aIxkkGlNnWQjY92bxHCQ=

is-number@^7.0.0:
  version "7.0.0"
  resolved "https://registry.npm.taobao.org/is-number/download/is-number-7.0.0.tgz#7535345b896734d5f80c4d06c50955527a14f12b"
  integrity sha1-dTU0W4lnNNX4DE0GxQlVUnoU8Ss=

ismobilejs@^1.0.0:
  version "1.1.1"
  resolved "https://registry.npm.taobao.org/ismobilejs/download/ismobilejs-1.1.1.tgz#c56ca0ae8e52b24ca0f22ba5ef3215a2ddbbaa0e"
  integrity sha1-xWygro5Sskyg8iul7zIVot27qg4=

"js-tokens@^3.0.0 || ^4.0.0":
  version "4.0.0"
  resolved "https://registry.nlark.com/js-tokens/download/js-tokens-4.0.0.tgz#19203fb59991df98e3a287050d4647cdeaf32499"
  integrity sha1-GSA/tZmR35jjoocFDUZHzerzJJk=

json2mq@^0.2.0:
  version "0.2.0"
  resolved "https://registry.npm.taobao.org/json2mq/download/json2mq-0.2.0.tgz#b637bd3ba9eabe122c83e9720483aeb10d2c904a"
  integrity sha1-tje9O6nqvhIsg+lyBIOusQ0skEo=
  dependencies:
    string-convert "^0.2.0"

lodash@^4.17.21, lodash@^4.17.5:
  version "4.17.21"
  resolved "https://registry.nlark.com/lodash/download/lodash-4.17.21.tgz#679591c564c3bffaae8454cf0b3df370c3d6911c"
  integrity sha1-Z5WRxWTDv/quhFTPCz3zcMPWkRw=

loose-envify@^1.0.0:
  version "1.4.0"
  resolved "https://registry.npm.taobao.org/loose-envify/download/loose-envify-1.4.0.tgz#71ee51fa7be4caec1a63839f7e682d8132d30caf"
  integrity sha1-ce5R+nvkyuwaY4OffmgtgTLTDK8=
  dependencies:
    js-tokens "^3.0.0 || ^4.0.0"

magic-string@^0.25.7:
  version "0.25.7"
  resolved "https://registry.npm.taobao.org/magic-string/download/magic-string-0.25.7.tgz#3f497d6fd34c669c6798dcb821f2ef31f5445051"
  integrity sha1-P0l9b9NMZpxnmNy4IfLvMfVEUFE=
  dependencies:
    sourcemap-codec "^1.4.4"

memoize-one@^5.2.1:
  version "5.2.1"
  resolved "https://registry.npmmirror.com/memoize-one/download/memoize-one-5.2.1.tgz?cache=0&other_urls=https%3A%2F%2Fregistry.npmmirror.com%2Fmemoize-one%2Fdownload%2Fmemoize-one-5.2.1.tgz#8337aa3c4335581839ec01c3d594090cebe8f00e"
  integrity sha1-gzeqPEM1WBg57AHD1ZQJDOvo8A4=

moment@^2.21.0:
  version "2.29.1"
  resolved "https://registry.npm.taobao.org/moment/download/moment-2.29.1.tgz#b2be769fa31940be9eeea6469c075e35006fa3d3"
  integrity sha1-sr52n6MZQL6e7qZGnAdeNQBvo9M=

mutationobserver-shim@^0.3.2:
  version "0.3.7"
  resolved "https://registry.npm.taobao.org/mutationobserver-shim/download/mutationobserver-shim-0.3.7.tgz#8bf633b0c0b0291a1107255ed32c13088a8c5bf3"
  integrity sha1-i/YzsMCwKRoRByVe0ywTCIqMW/M=

nanoid@^3.1.30:
  version "3.1.30"
  resolved "https://registry.npmmirror.com/nanoid/download/nanoid-3.1.30.tgz?cache=0&sync_timestamp=1634166241996&other_urls=https%3A%2F%2Fregistry.npmmirror.com%2Fnanoid%2Fdownload%2Fnanoid-3.1.30.tgz#63f93cc548d2a113dc5dfbc63bfa09e2b9b64362"
  integrity sha1-Y/k8xUjSoRPcXfvGO/oJ4rm2Q2I=

nanopop@^2.1.0:
  version "2.1.0"
  resolved "https://registry.nlark.com/nanopop/download/nanopop-2.1.0.tgz#23476513cee2405888afd2e8a4b54066b70b9e60"
  integrity sha1-I0dlE87iQFiIr9LopLVAZrcLnmA=

node-emoji@^1.10.0:
  version "1.11.0"
  resolved "https://registry.nlark.com/node-emoji/download/node-emoji-1.11.0.tgz#69a0150e6946e2f115e9d7ea4df7971e2628301c"
  integrity sha1-aaAVDmlG4vEV6dfqTfeXHiYoMBw=
  dependencies:
    lodash "^4.17.21"

normalize-path@^3.0.0, normalize-path@~3.0.0:
  version "3.0.0"
  resolved "https://registry.nlark.com/normalize-path/download/normalize-path-3.0.0.tgz#0dcd69ff23a1c9b11fd0978316644a0388216a65"
  integrity sha1-Dc1p/yOhybEf0JeDFmRKA4ghamU=

normalize-wheel-es@^1.1.0:
  version "1.1.0"
  resolved "https://registry.npmmirror.com/normalize-wheel-es/download/normalize-wheel-es-1.1.0.tgz#db017af1dd5d4c6222c07ae38bc224049d25861e"
  integrity sha1-2wF68d1dTGIiwHrji8IkBJ0lhh4=

object-assign@4.x:
  version "4.1.1"
  resolved "https://registry.nlark.com/object-assign/download/object-assign-4.1.1.tgz?cache=0&sync_timestamp=1618846992533&other_urls=https%3A%2F%2Fregistry.nlark.com%2Fobject-assign%2Fdownload%2Fobject-assign-4.1.1.tgz#2109adc7965887cfc05cbbd442cac8bfbb360863"
  integrity sha1-IQmtx5ZYh8/AXLvUQsrIv7s2CGM=

omit.js@^1.0.0:
  version "1.0.2"
  resolved "https://registry.npm.taobao.org/omit.js/download/omit.js-1.0.2.tgz#91a14f0eba84066dfa015bf30e474c47f30bc858"
  integrity sha1-kaFPDrqEBm36AVvzDkdMR/MLyFg=
  dependencies:
    babel-runtime "^6.23.0"

path-parse@^1.0.6:
  version "1.0.7"
  resolved "https://registry.nlark.com/path-parse/download/path-parse-1.0.7.tgz?cache=0&sync_timestamp=1621947783503&other_urls=https%3A%2F%2Fregistry.nlark.com%2Fpath-parse%2Fdownload%2Fpath-parse-1.0.7.tgz#fbc114b60ca42b30d9daf5858e4bd68bbedb6735"
  integrity sha1-+8EUtgykKzDZ2vWFjkvWi77bZzU=

performance-now@^2.1.0:
  version "2.1.0"
  resolved "https://registry.npm.taobao.org/performance-now/download/performance-now-2.1.0.tgz#6309f4e0e5fa913ec1c69307ae364b4b377c9e7b"
  integrity sha1-Ywn04OX6kT7BxpMHrjZLSzd8nns=

picocolors@^1.0.0:
  version "1.0.0"
  resolved "https://registry.npmmirror.com/picocolors/download/picocolors-1.0.0.tgz#cb5bdc74ff3f51892236eaf79d68bc44564ab81c"
  integrity sha1-y1vcdP8/UYkiNur3nWi8RFZKuBw=

picomatch@^2.0.4, picomatch@^2.2.1:
  version "2.3.0"
  resolved "https://registry.nlark.com/picomatch/download/picomatch-2.3.0.tgz?cache=0&sync_timestamp=1621648305056&other_urls=https%3A%2F%2Fregistry.nlark.com%2Fpicomatch%2Fdownload%2Fpicomatch-2.3.0.tgz#f1f061de8f6a4bf022892e2d128234fb98302972"
  integrity sha1-8fBh3o9qS/AiiS4tEoI0+5gwKXI=

postcss@^8.1.10, postcss@^8.3.8:
  version "8.3.11"
  resolved "https://registry.npmmirror.com/postcss/download/postcss-8.3.11.tgz?cache=0&sync_timestamp=1634821260697&other_urls=https%3A%2F%2Fregistry.npmmirror.com%2Fpostcss%2Fdownload%2Fpostcss-8.3.11.tgz#c3beca7ea811cd5e1c4a3ec6d2e7599ef1f8f858"
  integrity sha1-w77KfqgRzV4cSj7G0udZnvH4+Fg=
  dependencies:
    nanoid "^3.1.30"
    picocolors "^1.0.0"
    source-map-js "^0.6.2"

raf@^3.4.0:
  version "3.4.1"
  resolved "https://registry.npm.taobao.org/raf/download/raf-3.4.1.tgz#0742e99a4a6552f445d73e3ee0328af0ff1ede39"
  integrity sha1-B0LpmkplUvRF1z4+4DKK8P8e3jk=
  dependencies:
    performance-now "^2.1.0"

readdirp@~3.6.0:
  version "3.6.0"
  resolved "https://registry.nlark.com/readdirp/download/readdirp-3.6.0.tgz#74a370bd857116e245b29cc97340cd431a02a6c7"
  integrity sha1-dKNwvYVxFuJFspzJc0DNQxoCpsc=
  dependencies:
    picomatch "^2.2.1"

regenerator-runtime@^0.11.0:
  version "0.11.1"
  resolved "https://registry.nlark.com/regenerator-runtime/download/regenerator-runtime-0.11.1.tgz?cache=0&sync_timestamp=1626992969133&other_urls=https%3A%2F%2Fregistry.nlark.com%2Fregenerator-runtime%2Fdownload%2Fregenerator-runtime-0.11.1.tgz#be05ad7f9bf7d22e056f9726cee5017fbf19e2e9"
  integrity sha1-vgWtf5v30i4Fb5cmzuUBf78Z4uk=

regenerator-runtime@^0.13.4:
  version "0.13.9"
  resolved "https://registry.nlark.com/regenerator-runtime/download/regenerator-runtime-0.13.9.tgz?cache=0&sync_timestamp=1626992969133&other_urls=https%3A%2F%2Fregistry.nlark.com%2Fregenerator-runtime%2Fdownload%2Fregenerator-runtime-0.13.9.tgz#8925742a98ffd90814988d7566ad30ca3b263b52"
  integrity sha1-iSV0Kpj/2QgUmI11Zq0wyjsmO1I=

resize-observer-polyfill@^1.5.1:
  version "1.5.1"
  resolved "https://registry.npm.taobao.org/resize-observer-polyfill/download/resize-observer-polyfill-1.5.1.tgz#0e9020dd3d21024458d4ebd27e23e40269810464"
  integrity sha1-DpAg3T0hAkRY1OvSfiPkAmmBBGQ=

resolve@^1.20.0:
  version "1.20.0"
  resolved "https://registry.npm.taobao.org/resolve/download/resolve-1.20.0.tgz#629a013fb3f70755d6f0b7935cc1c2c5378b1975"
  integrity sha1-YpoBP7P3B1XW8LeTXMHCxTeLGXU=
  dependencies:
    is-core-module "^2.2.0"
    path-parse "^1.0.6"

rollup@^2.57.0:
  version "2.58.3"
  resolved "https://registry.npmmirror.com/rollup/download/rollup-2.58.3.tgz?cache=0&sync_timestamp=1635229318454&other_urls=https%3A%2F%2Fregistry.npmmirror.com%2Frollup%2Fdownload%2Frollup-2.58.3.tgz#71a08138d9515fb65043b6a18618b2ed9ac8d239"
  integrity sha1-caCBONlRX7ZQQ7ahhhiy7ZrI0jk=
  optionalDependencies:
    fsevents "~2.3.2"

sass@^1.43.4:
  version "1.43.4"
  resolved "https://registry.npmmirror.com/sass/download/sass-1.43.4.tgz#68c7d6a1b004bef49af0d9caf750e9b252105d1f"
  integrity sha1-aMfWobAEvvSa8NnK91DpslIQXR8=
  dependencies:
    chokidar ">=3.0.0 <4.0.0"

shallow-equal@^1.0.0:
  version "1.2.1"
  resolved "https://registry.npm.taobao.org/shallow-equal/download/shallow-equal-1.2.1.tgz#4c16abfa56043aa20d050324efa68940b0da79da"
  integrity sha1-TBar+lYEOqINBQMk76aJQLDaedo=

shallowequal@^1.0.2:
  version "1.1.0"
  resolved "https://registry.npm.taobao.org/shallowequal/download/shallowequal-1.1.0.tgz?cache=0&sync_timestamp=1616049083960&other_urls=https%3A%2F%2Fregistry.npm.taobao.org%2Fshallowequal%2Fdownload%2Fshallowequal-1.1.0.tgz#188d521de95b9087404fd4dcb68b13df0ae4e7f8"
  integrity sha1-GI1SHelbkIdAT9TctosT3wrk5/g=

source-map-js@^0.6.2:
  version "0.6.2"
  resolved "https://registry.npm.taobao.org/source-map-js/download/source-map-js-0.6.2.tgz#0bb5de631b41cfbda6cfba8bd05a80efdfd2385e"
  integrity sha1-C7XeYxtBz72mz7qL0FqA79/SOF4=

source-map@^0.6.1:
  version "0.6.1"
  resolved "https://registry.npm.taobao.org/source-map/download/source-map-0.6.1.tgz#74722af32e9614e9c287a8d0bbde48b5e2f1a263"
  integrity sha1-dHIq8y6WFOnCh6jQu95IteLxomM=

sourcemap-codec@^1.4.4:
  version "1.4.8"
  resolved "https://registry.nlark.com/sourcemap-codec/download/sourcemap-codec-1.4.8.tgz#ea804bd94857402e6992d05a38ef1ae35a9ab4c4"
  integrity sha1-6oBL2UhXQC5pktBaOO8a41qatMQ=

string-convert@^0.2.0:
  version "0.2.1"
  resolved "https://registry.npm.taobao.org/string-convert/download/string-convert-0.2.1.tgz#6982cc3049fbb4cd85f8b24568b9d9bf39eeff97"
  integrity sha1-aYLMMEn7tM2F+LJFaLnZvznu/5c=

tinycolor2@^1.4.1:
  version "1.4.2"
  resolved "https://registry.npm.taobao.org/tinycolor2/download/tinycolor2-1.4.2.tgz#3f6a4d1071ad07676d7fa472e1fac40a719d8803"
  integrity sha1-P2pNEHGtB2dtf6Ry4frECnGdiAM=

to-fast-properties@^2.0.0:
  version "2.0.0"
  resolved "https://registry.nlark.com/to-fast-properties/download/to-fast-properties-2.0.0.tgz#dc5e698cbd079265bc73e0377681a4e4e83f616e"
  integrity sha1-3F5pjL0HkmW8c+A3doGk5Og/YW4=

to-regex-range@^5.0.1:
  version "5.0.1"
  resolved "https://registry.nlark.com/to-regex-range/download/to-regex-range-5.0.1.tgz#1648c44aae7c8d988a326018ed72f5b4dd0392e4"
  integrity sha1-FkjESq58jZiKMmAY7XL1tN0DkuQ=
  dependencies:
    is-number "^7.0.0"

vite@^2.5.2:
  version "2.6.13"
  resolved "https://registry.npmmirror.com/vite/download/vite-2.6.13.tgz?cache=0&sync_timestamp=1635502552958&other_urls=https%3A%2F%2Fregistry.npmmirror.com%2Fvite%2Fdownload%2Fvite-2.6.13.tgz#16b3ec85a66d5b461ac29a903874d4357f9af432"
  integrity sha1-FrPshaZtW0YawpqQOHTUNX+a9DI=
  dependencies:
    esbuild "^0.13.2"
    postcss "^8.3.8"
    resolve "^1.20.0"
    rollup "^2.57.0"
  optionalDependencies:
    fsevents "~2.3.2"

vue-demi@*:
  version "0.12.0"
  resolved "https://registry.npmmirror.com/vue-demi/download/vue-demi-0.12.0.tgz#b202a01cdfc635443e41faea697d624caac0fa73"
  integrity sha1-sgKgHN/GNUQ+QfrqaX1iTKrA+nM=

vue-ref@^2.0.0:
  version "2.0.0"
  resolved "https://registry.npm.taobao.org/vue-ref/download/vue-ref-2.0.0.tgz#483084d732abed11da796778a8266a3af0ea1a9c"
  integrity sha1-SDCE1zKr7RHaeWd4qCZqOvDqGpw=

vue-router@^4.0.12:
  version "4.0.12"
  resolved "https://registry.npmmirror.com/vue-router/download/vue-router-4.0.12.tgz?cache=0&sync_timestamp=1635261967567&other_urls=https%3A%2F%2Fregistry.npmmirror.com%2Fvue-router%2Fdownload%2Fvue-router-4.0.12.tgz#8dc792cddf5bb1abcc3908f9064136de7e13c460"
  integrity sha1-jceSzd9bsavMOQj5BkE23n4TxGA=
  dependencies:
    "@vue/devtools-api" "^6.0.0-beta.18"

vue@^3.2.6:
  version "3.2.20"
  resolved "https://registry.npmmirror.com/vue/download/vue-3.2.20.tgz?cache=0&sync_timestamp=1633712767060&other_urls=https%3A%2F%2Fregistry.npmmirror.com%2Fvue%2Fdownload%2Fvue-3.2.20.tgz#940f8aa8bf3e3be78243ca582bad41fcd45ae3e6"
  integrity sha1-lA+KqL8+O+eCQ8pYK61B/NRa4+Y=
  dependencies:
    "@vue/compiler-dom" "3.2.20"
    "@vue/compiler-sfc" "3.2.20"
    "@vue/runtime-dom" "3.2.20"
    "@vue/server-renderer" "3.2.20"
    "@vue/shared" "3.2.20"

vuex@^4.0.2:
  version "4.0.2"
  resolved "https://registry.nlark.com/vuex/download/vuex-4.0.2.tgz#f896dbd5bf2a0e963f00c67e9b610de749ccacc9"
  integrity sha1-+Jbb1b8qDpY/AMZ+m2EN50nMrMk=
  dependencies:
    "@vue/devtools-api" "^6.0.0-beta.11"

warning@^4.0.0:
  version "4.0.3"
  resolved "https://registry.npm.taobao.org/warning/download/warning-4.0.3.tgz#16e9e077eb8a86d6af7d64aa1e05fd85b4678ca3"
  integrity sha1-Fungd+uKhtavfWSqHgX9hbRnjKM=
  dependencies:
    loose-envify "^1.0.0"
